
Microsoft Visual Studio Solution File, Format Version 12.00
# Visual Studio Version 16
VisualStudioVersion = 16.0.30621.155
MinimumVisualStudioVersion = 10.0.40219.1
Project("{9A19103F-16F7-4668-BE54-9A1E7A4F7556}") = "AutoBuildApp.Models", "AutoBuildApp.Models\AutoBuildApp.Models.csproj", "{E958553C-F2EB-415C-9F51-051C61907B73}"
EndProject
Project("{2150E333-8FDC-42A3-9474-1A3956D46DE8}") = "Clients (Entry Points)", "Clients (Entry Points)", "{DF3C860B-977E-4305-9218-DA99C0393606}"
EndProject
Project("{9A19103F-16F7-4668-BE54-9A1E7A4F7556}") = "AutoBuildApp.ConsoleApp", "AutoBuildApp.ConsoleApp\AutoBuildApp.ConsoleApp.csproj", "{529DC64D-6BF8-440B-8F68-FAE8B6D2E094}"
EndProject
Project("{2150E333-8FDC-42A3-9474-1A3956D46DE8}") = "DataAccessLayer (DAL)", "DataAccessLayer (DAL)", "{66A885B3-B566-42CA-82F1-AC511C72B037}"
EndProject
Project("{2150E333-8FDC-42A3-9474-1A3956D46DE8}") = "BusinessLayer (BL)", "BusinessLayer (BL)", "{36B4A509-E9BC-447A-8CF6-1E225993B3CD}"
EndProject
Project("{9A19103F-16F7-4668-BE54-9A1E7A4F7556}") = "AutoBuildApp.WebMVC", "AutoBuildApp.WebMVC\AutoBuildApp.WebMVC.csproj", "{89599FCD-EACD-4798-B27F-A3158C6FD4EE}"
EndProject
Project("{2150E333-8FDC-42A3-9474-1A3956D46DE8}") = "References(TEXT)", "References(TEXT)", "{88412B3D-6B3E-4250-9035-533F474DCD7C}"
	ProjectSection(SolutionItems) = preProject
		QUERY_USED.txt = QUERY_USED.txt
		STEPS.txt = STEPS.txt
	EndProjectSection
EndProject
Project("{9A19103F-16F7-4668-BE54-9A1E7A4F7556}") = "AutoBuildApp.DataAccess", "AutoBuildApp.DataAccess\AutoBuildApp.DataAccess.csproj", "{3C325FAF-02DC-490A-9C74-FF51905C92DE}"
EndProject
Project("{2150E333-8FDC-42A3-9474-1A3956D46DE8}") = "Service Layer", "Service Layer", "{384B395F-8154-40B4-9E95-1125EF23AE84}"
EndProject
Project("{9A19103F-16F7-4668-BE54-9A1E7A4F7556}") = "UnitTests", "UnitTestProject1\UnitTests.csproj", "{E2503FBF-D388-4319-81BC-140BC5C01E05}"
EndProject
Project("{9A19103F-16F7-4668-BE54-9A1E7A4F7556}") = "AutoBuildApp.BusinessLayer", "AutoBuildApp.BusinessLayer\AutoBuildApp.BusinessLayer.csproj", "{AF678572-1D7D-4764-A6C3-BFA07AD8E8D4}"
EndProject
Project("{9A19103F-16F7-4668-BE54-9A1E7A4F7556}") = "AutoBuildApp.ServiceLayer", "AutoBuildApp.ServiceLayer\AutoBuildApp.ServiceLayer.csproj", "{064CC6F8-BA81-42F7-9215-1BE3D1DC6A89}"
EndProject
Project("{2150E333-8FDC-42A3-9474-1A3956D46DE8}") = "Solution Items", "Solution Items", "{407C60E6-3587-4C5E-87F4-5CA0F665C2FA}"
	ProjectSection(SolutionItems) = preProject
		Configs.config = Configs.config
	EndProjectSection
EndProject
Global
	GlobalSection(SolutionConfigurationPlatforms) = preSolution
		Debug|Any CPU = Debug|Any CPU
		Release|Any CPU = Release|Any CPU
	EndGlobalSection
	GlobalSection(ProjectConfigurationPlatforms) = postSolution
		{E958553C-F2EB-415C-9F51-051C61907B73}.Debug|Any CPU.ActiveCfg = Debug|Any CPU
		{E958553C-F2EB-415C-9F51-051C61907B73}.Debug|Any CPU.Build.0 = Debug|Any CPU
		{E958553C-F2EB-415C-9F51-051C61907B73}.Release|Any CPU.ActiveCfg = Release|Any CPU
		{E958553C-F2EB-415C-9F51-051C61907B73}.Release|Any CPU.Build.0 = Release|Any CPU
		{529DC64D-6BF8-440B-8F68-FAE8B6D2E094}.Debug|Any CPU.ActiveCfg = Debug|Any CPU
		{529DC64D-6BF8-440B-8F68-FAE8B6D2E094}.Debug|Any CPU.Build.0 = Debug|Any CPU
		{529DC64D-6BF8-440B-8F68-FAE8B6D2E094}.Release|Any CPU.ActiveCfg = Release|Any CPU
		{529DC64D-6BF8-440B-8F68-FAE8B6D2E094}.Release|Any CPU.Build.0 = Release|Any CPU
		{89599FCD-EACD-4798-B27F-A3158C6FD4EE}.Debug|Any CPU.ActiveCfg = Debug|Any CPU
		{89599FCD-EACD-4798-B27F-A3158C6FD4EE}.Debug|Any CPU.Build.0 = Debug|Any CPU
		{89599FCD-EACD-4798-B27F-A3158C6FD4EE}.Release|Any CPU.ActiveCfg = Release|Any CPU
		{89599FCD-EACD-4798-B27F-A3158C6FD4EE}.Release|Any CPU.Build.0 = Release|Any CPU
		{3C325FAF-02DC-490A-9C74-FF51905C92DE}.Debug|Any CPU.ActiveCfg = Debug|Any CPU
		{3C325FAF-02DC-490A-9C74-FF51905C92DE}.Debug|Any CPU.Build.0 = Debug|Any CPU
		{3C325FAF-02DC-490A-9C74-FF51905C92DE}.Release|Any CPU.ActiveCfg = Release|Any CPU
		{3C325FAF-02DC-490A-9C74-FF51905C92DE}.Release|Any CPU.Build.0 = Release|Any CPU
		{E2503FBF-D388-4319-81BC-140BC5C01E05}.Debug|Any CPU.ActiveCfg = Debug|Any CPU
		{E2503FBF-D388-4319-81BC-140BC5C01E05}.Debug|Any CPU.Build.0 = Debug|Any CPU
		{E2503FBF-D388-4319-81BC-140BC5C01E05}.Release|Any CPU.ActiveCfg = Release|Any CPU
		{E2503FBF-D388-4319-81BC-140BC5C01E05}.Release|Any CPU.Build.0 = Release|Any CPU
		{AF678572-1D7D-4764-A6C3-BFA07AD8E8D4}.Debug|Any CPU.ActiveCfg = Debug|Any CPU
		{AF678572-1D7D-4764-A6C3-BFA07AD8E8D4}.Debug|Any CPU.Build.0 = Debug|Any CPU
		{AF678572-1D7D-4764-A6C3-BFA07AD8E8D4}.Release|Any CPU.ActiveCfg = Release|Any CPU
		{AF678572-1D7D-4764-A6C3-BFA07AD8E8D4}.Release|Any CPU.Build.0 = Release|Any CPU
		{064CC6F8-BA81-42F7-9215-1BE3D1DC6A89}.Debug|Any CPU.ActiveCfg = Debug|Any CPU
		{064CC6F8-BA81-42F7-9215-1BE3D1DC6A89}.Debug|Any CPU.Build.0 = Debug|Any CPU
		{064CC6F8-BA81-42F7-9215-1BE3D1DC6A89}.Release|Any CPU.ActiveCfg = Release|Any CPU
		{064CC6F8-BA81-42F7-9215-1BE3D1DC6A89}.Release|Any CPU.Build.0 = Release|Any CPU
	EndGlobalSection
	GlobalSection(SolutionProperties) = preSolution
		HideSolutionNode = FALSE
	EndGlobalSection
	GlobalSection(NestedProjects) = preSolution
		{E958553C-F2EB-415C-9F51-051C61907B73} = {66A885B3-B566-42CA-82F1-AC511C72B037}
		{529DC64D-6BF8-440B-8F68-FAE8B6D2E094} = {DF3C860B-977E-4305-9218-DA99C0393606}
		{89599FCD-EACD-4798-B27F-A3158C6FD4EE} = {DF3C860B-977E-4305-9218-DA99C0393606}
		{3C325FAF-02DC-490A-9C74-FF51905C92DE} = {66A885B3-B566-42CA-82F1-AC511C72B037}
		{AF678572-1D7D-4764-A6C3-BFA07AD8E8D4} = {36B4A509-E9BC-447A-8CF6-1E225993B3CD}
		{064CC6F8-BA81-42F7-9215-1BE3D1DC6A89} = {384B395F-8154-40B4-9E95-1125EF23AE84}
	EndGlobalSection
	GlobalSection(ExtensibilityGlobals) = postSolution
		SolutionGuid = {9CA11C08-720B-4535-BCD6-DED2E1FBA8B0}
	EndGlobalSection
EndGlobal
