
Microsoft Visual Studio Solution File, Format Version 12.00
# Visual Studio Version 16
VisualStudioVersion = 16.0.809.3
MinimumVisualStudioVersion = 10.0.40219.1
Project("{9A19103F-16F7-4668-BE54-9A1E7A4F7556}") = "AutoBuildApp.DataAccess", "AutoBuildApp.DataAccess\AutoBuildApp.DataAccess.csproj", "{D176F2F9-DDD1-476E-B938-E06F0ECFD319}"
EndProject
Project("{2150E333-8FDC-42A3-9474-1A3956D46DE8}") = "Service Layer", "Service Layer", "{DCDF3AB6-74CB-4287-B654-FA2A5001DF1D}"
EndProject
Project("{2150E333-8FDC-42A3-9474-1A3956D46DE8}") = "Business Layer", "Business Layer", "{70F74194-2EEB-4B19-8BC8-33286D7DA08C}"
EndProject
Project("{2150E333-8FDC-42A3-9474-1A3956D46DE8}") = "Data Access Layer", "Data Access Layer", "{19FCD82A-8ED3-4914-8FFF-A7380616D06C}"
EndProject
Project("{2150E333-8FDC-42A3-9474-1A3956D46DE8}") = "Models", "Models", "{12EC9D68-55DF-4DE4-8C85-07AA3977FBF9}"
EndProject
Project("{9A19103F-16F7-4668-BE54-9A1E7A4F7556}") = "AutoBuildApp.Managers", "AutoBuildApp.Managers\AutoBuildApp.Managers.csproj", "{39E9B7D1-2886-4A16-BEDD-6ADF2706AF67}"
EndProject
Project("{9A19103F-16F7-4668-BE54-9A1E7A4F7556}") = "AutoBuildApp.Manger.Tests", "AutoBuildApp.Managers.Tests\AutoBuildApp.Manger.Tests.csproj", "{2ED6C7C0-36F9-4433-839D-9DC2901D48A5}"
EndProject
Project("{9A19103F-16F7-4668-BE54-9A1E7A4F7556}") = "AutoBuildApp.Services", "AutoBuildApp.Services\AutoBuildApp.Services.csproj", "{58C216CB-CA31-4C96-B16C-DC5D56C4B635}"
EndProject
Project("{9A19103F-16F7-4668-BE54-9A1E7A4F7556}") = "AutoBuildApp.Services.Tests", "RecommendationServices.Tests\AutoBuildApp.Services.Tests.csproj", "{DB3BA925-CA60-4627-AAE7-57586DE4CD9A}"
EndProject
Project("{9A19103F-16F7-4668-BE54-9A1E7A4F7556}") = "AutoBuildApp.Apis", "AutoBuildApp.Apis\AutoBuildApp.Apis.csproj", "{0ED3145F-3C5F-46C7-97A5-0B0287363B92}"
EndProject
Project("{9A19103F-16F7-4668-BE54-9A1E7A4F7556}") = "AutoBuildApp.Apis.Tests", "AutoBuildApp.Apis.Tests\AutoBuildApp.Apis.Tests.csproj", "{AE759C82-E5AD-44CF-AEAD-EBB57D334D6D}"
EndProject
Project("{2150E333-8FDC-42A3-9474-1A3956D46DE8}") = "App", "App", "{98226589-714B-4BAA-8B69-B54BD0FE5CA1}"
EndProject
Project("{9A19103F-16F7-4668-BE54-9A1E7A4F7556}") = "AutoBuildApp.Models.Tests", "AutoBuildApp.Models.Tests\AutoBuildApp.Models.Tests.csproj", "{8C6ECB08-BF09-4940-ABAE-E16951E61A11}"
EndProject
Project("{9A19103F-16F7-4668-BE54-9A1E7A4F7556}") = "AutoBuildApp.Models", "AutoBuildApp.Models\AutoBuildApp.Models.csproj", "{B3A845D7-FD79-4D71-B012-14761473ADE9}"
EndProject
Project("{2150E333-8FDC-42A3-9474-1A3956D46DE8}") = "Security", "Security", "{7A716A21-2BF4-438C-AD06-93A6F5406294}"
EndProject
Project("{9A19103F-16F7-4668-BE54-9A1E7A4F7556}") = "AutoBuildApp.Security", "AutoBuildApp.Security\AutoBuildApp.Security.csproj", "{C02B8577-C3B5-4986-8CF7-AD1FFC7E0FED}"
EndProject
Project("{9A19103F-16F7-4668-BE54-9A1E7A4F7556}") = "AutoBuildApp.Security.Tests", "AutoBuildApp.Security.Tests\AutoBuildApp.Security.Tests.csproj", "{40588C75-0302-4629-B760-8FBFBD929125}"
EndProject
Project("{2150E333-8FDC-42A3-9474-1A3956D46DE8}") = "Solution Items", "Solution Items", "{B856A8D9-9146-4455-873E-BFC95BFC4CC3}"
	ProjectSection(SolutionItems) = preProject
		AuthReferences.txt = AuthReferences.txt
		..\..\..\..\..\..\Desktop\Async Logging\backend\References.txt = ..\..\..\..\..\..\Desktop\Async Logging\backend\References.txt
	EndProjectSection
EndProject
Project("{9A19103F-16F7-4668-BE54-9A1E7A4F7556}") = "AutoBuildApp.DomainModels", "AutoBuildApp.DomainModels\AutoBuildApp.DomainModels.csproj", "{C11D721B-C231-4BED-ACA0-CE1FAF088C8A}"
EndProject
Project("{9A19103F-16F7-4668-BE54-9A1E7A4F7556}") = "AutoBuildSecure.WebApi", "AutoBuildSecure.WebApi\AutoBuildSecure.WebApi.csproj", "{5FEDFD2C-C148-4E20-8725-536F1DA280DD}"
EndProject
Project("{9A19103F-16F7-4668-BE54-9A1E7A4F7556}") = "AutoBuildApp.DataAccess.Test", "AutoBuildApp.DataAccess.Test\AutoBuildApp.DataAccess.Test.csproj", "{69ADE978-407B-419B-8FC1-F9B6D8C02CCF}"
EndProject
Project("{9A19103F-16F7-4668-BE54-9A1E7A4F7556}") = "AutoBuildApp.WebApp", "AutoBuildApp.Reviews.Apis\AutoBuildApp.WebApp.csproj", "{C71BA827-94B6-4201-AD2D-ADD6378C451B}"
EndProject
Project("{9A19103F-16F7-4668-BE54-9A1E7A4F7556}") = "AutoBuildApp.ConsoleApp", "AutoBuildApp.ConsoleApp\AutoBuildApp.ConsoleApp.csproj", "{46DD329C-4EBD-41A9-B4AD-D904584AF2FC}"
EndProject
Project("{2150E333-8FDC-42A3-9474-1A3956D46DE8}") = "Queries", "Queries", "{4708FC6F-3262-40EF-A08E-ED167EBBF131}"
	ProjectSection(SolutionItems) = preProject
		..\..\..\..\..\..\Desktop\Async Logging\backend\LogQuery.sql = ..\..\..\..\..\..\Desktop\Async Logging\backend\LogQuery.sql
		..\..\..\..\..\..\Desktop\Async Logging\backend\ReviewQuery.sql = ..\..\..\..\..\..\Desktop\Async Logging\backend\ReviewQuery.sql
		..\..\..\..\MSSQL_1433\schemeToSecurityIntegration\SQLQuerySecurityProcedures.sql = ..\..\..\..\MSSQL_1433\schemeToSecurityIntegration\SQLQuerySecurityProcedures.sql
	EndProjectSection
EndProject
Project("{9A19103F-16F7-4668-BE54-9A1E7A4F7556}") = "AutoBuildApp.WebCrawlerApp", "WebCrawlerApp\AutoBuildApp.WebCrawlerApp.csproj", "{5B3501B3-5D16-4552-99F3-2E36F9C02C63}"
EndProject
Project("{9A19103F-16F7-4668-BE54-9A1E7A4F7556}") = "AutoBuildSecure.ConsoleApp", "AutoBuildSecure.ConsoleApp\AutoBuildSecure.ConsoleApp.csproj", "{7F9869B7-C0B4-484F-A540-6F74B3C1024E}"
EndProject
Project("{9A19103F-16F7-4668-BE54-9A1E7A4F7556}") = "VendorLinkingAPI", "VendorLinkingAPI\VendorLinkingAPI.csproj", "{FAD4EED9-41AF-475A-860A-1C2BB2D1FC84}"
EndProject
Global
	GlobalSection(SolutionConfigurationPlatforms) = preSolution
		Debug|Any CPU = Debug|Any CPU
		Release|Any CPU = Release|Any CPU
	EndGlobalSection
	GlobalSection(ProjectConfigurationPlatforms) = postSolution
		{D176F2F9-DDD1-476E-B938-E06F0ECFD319}.Debug|Any CPU.ActiveCfg = Debug|Any CPU
		{D176F2F9-DDD1-476E-B938-E06F0ECFD319}.Debug|Any CPU.Build.0 = Debug|Any CPU
		{D176F2F9-DDD1-476E-B938-E06F0ECFD319}.Release|Any CPU.ActiveCfg = Release|Any CPU
		{D176F2F9-DDD1-476E-B938-E06F0ECFD319}.Release|Any CPU.Build.0 = Release|Any CPU
		{39E9B7D1-2886-4A16-BEDD-6ADF2706AF67}.Debug|Any CPU.ActiveCfg = Debug|Any CPU
		{39E9B7D1-2886-4A16-BEDD-6ADF2706AF67}.Debug|Any CPU.Build.0 = Debug|Any CPU
		{39E9B7D1-2886-4A16-BEDD-6ADF2706AF67}.Release|Any CPU.ActiveCfg = Release|Any CPU
		{39E9B7D1-2886-4A16-BEDD-6ADF2706AF67}.Release|Any CPU.Build.0 = Release|Any CPU
		{2ED6C7C0-36F9-4433-839D-9DC2901D48A5}.Debug|Any CPU.ActiveCfg = Debug|Any CPU
		{2ED6C7C0-36F9-4433-839D-9DC2901D48A5}.Debug|Any CPU.Build.0 = Debug|Any CPU
		{2ED6C7C0-36F9-4433-839D-9DC2901D48A5}.Release|Any CPU.ActiveCfg = Release|Any CPU
		{2ED6C7C0-36F9-4433-839D-9DC2901D48A5}.Release|Any CPU.Build.0 = Release|Any CPU
		{58C216CB-CA31-4C96-B16C-DC5D56C4B635}.Debug|Any CPU.ActiveCfg = Debug|Any CPU
		{58C216CB-CA31-4C96-B16C-DC5D56C4B635}.Debug|Any CPU.Build.0 = Debug|Any CPU
		{58C216CB-CA31-4C96-B16C-DC5D56C4B635}.Release|Any CPU.ActiveCfg = Release|Any CPU
		{58C216CB-CA31-4C96-B16C-DC5D56C4B635}.Release|Any CPU.Build.0 = Release|Any CPU
		{DB3BA925-CA60-4627-AAE7-57586DE4CD9A}.Debug|Any CPU.ActiveCfg = Debug|Any CPU
		{DB3BA925-CA60-4627-AAE7-57586DE4CD9A}.Debug|Any CPU.Build.0 = Debug|Any CPU
		{DB3BA925-CA60-4627-AAE7-57586DE4CD9A}.Release|Any CPU.ActiveCfg = Release|Any CPU
		{DB3BA925-CA60-4627-AAE7-57586DE4CD9A}.Release|Any CPU.Build.0 = Release|Any CPU
		{0ED3145F-3C5F-46C7-97A5-0B0287363B92}.Debug|Any CPU.ActiveCfg = Debug|Any CPU
		{0ED3145F-3C5F-46C7-97A5-0B0287363B92}.Debug|Any CPU.Build.0 = Debug|Any CPU
		{0ED3145F-3C5F-46C7-97A5-0B0287363B92}.Release|Any CPU.ActiveCfg = Release|Any CPU
		{0ED3145F-3C5F-46C7-97A5-0B0287363B92}.Release|Any CPU.Build.0 = Release|Any CPU
		{AE759C82-E5AD-44CF-AEAD-EBB57D334D6D}.Debug|Any CPU.ActiveCfg = Debug|Any CPU
		{AE759C82-E5AD-44CF-AEAD-EBB57D334D6D}.Debug|Any CPU.Build.0 = Debug|Any CPU
		{AE759C82-E5AD-44CF-AEAD-EBB57D334D6D}.Release|Any CPU.ActiveCfg = Release|Any CPU
		{AE759C82-E5AD-44CF-AEAD-EBB57D334D6D}.Release|Any CPU.Build.0 = Release|Any CPU
		{8C6ECB08-BF09-4940-ABAE-E16951E61A11}.Debug|Any CPU.ActiveCfg = Debug|Any CPU
		{8C6ECB08-BF09-4940-ABAE-E16951E61A11}.Debug|Any CPU.Build.0 = Debug|Any CPU
		{8C6ECB08-BF09-4940-ABAE-E16951E61A11}.Release|Any CPU.ActiveCfg = Release|Any CPU
		{8C6ECB08-BF09-4940-ABAE-E16951E61A11}.Release|Any CPU.Build.0 = Release|Any CPU
		{B3A845D7-FD79-4D71-B012-14761473ADE9}.Debug|Any CPU.ActiveCfg = Debug|Any CPU
		{B3A845D7-FD79-4D71-B012-14761473ADE9}.Debug|Any CPU.Build.0 = Debug|Any CPU
		{B3A845D7-FD79-4D71-B012-14761473ADE9}.Release|Any CPU.ActiveCfg = Release|Any CPU
		{B3A845D7-FD79-4D71-B012-14761473ADE9}.Release|Any CPU.Build.0 = Release|Any CPU
		{C02B8577-C3B5-4986-8CF7-AD1FFC7E0FED}.Debug|Any CPU.ActiveCfg = Debug|Any CPU
		{C02B8577-C3B5-4986-8CF7-AD1FFC7E0FED}.Debug|Any CPU.Build.0 = Debug|Any CPU
		{C02B8577-C3B5-4986-8CF7-AD1FFC7E0FED}.Release|Any CPU.ActiveCfg = Release|Any CPU
		{C02B8577-C3B5-4986-8CF7-AD1FFC7E0FED}.Release|Any CPU.Build.0 = Release|Any CPU
		{40588C75-0302-4629-B760-8FBFBD929125}.Debug|Any CPU.ActiveCfg = Debug|Any CPU
		{40588C75-0302-4629-B760-8FBFBD929125}.Debug|Any CPU.Build.0 = Debug|Any CPU
		{40588C75-0302-4629-B760-8FBFBD929125}.Release|Any CPU.ActiveCfg = Release|Any CPU
		{40588C75-0302-4629-B760-8FBFBD929125}.Release|Any CPU.Build.0 = Release|Any CPU
		{C11D721B-C231-4BED-ACA0-CE1FAF088C8A}.Debug|Any CPU.ActiveCfg = Debug|Any CPU
		{C11D721B-C231-4BED-ACA0-CE1FAF088C8A}.Debug|Any CPU.Build.0 = Debug|Any CPU
		{C11D721B-C231-4BED-ACA0-CE1FAF088C8A}.Release|Any CPU.ActiveCfg = Release|Any CPU
		{C11D721B-C231-4BED-ACA0-CE1FAF088C8A}.Release|Any CPU.Build.0 = Release|Any CPU
		{5FEDFD2C-C148-4E20-8725-536F1DA280DD}.Debug|Any CPU.ActiveCfg = Debug|Any CPU
		{5FEDFD2C-C148-4E20-8725-536F1DA280DD}.Debug|Any CPU.Build.0 = Debug|Any CPU
		{5FEDFD2C-C148-4E20-8725-536F1DA280DD}.Release|Any CPU.ActiveCfg = Release|Any CPU
		{5FEDFD2C-C148-4E20-8725-536F1DA280DD}.Release|Any CPU.Build.0 = Release|Any CPU
		{69ADE978-407B-419B-8FC1-F9B6D8C02CCF}.Debug|Any CPU.ActiveCfg = Debug|Any CPU
		{69ADE978-407B-419B-8FC1-F9B6D8C02CCF}.Debug|Any CPU.Build.0 = Debug|Any CPU
		{69ADE978-407B-419B-8FC1-F9B6D8C02CCF}.Release|Any CPU.ActiveCfg = Release|Any CPU
		{69ADE978-407B-419B-8FC1-F9B6D8C02CCF}.Release|Any CPU.Build.0 = Release|Any CPU
		{C71BA827-94B6-4201-AD2D-ADD6378C451B}.Debug|Any CPU.ActiveCfg = Debug|Any CPU
		{C71BA827-94B6-4201-AD2D-ADD6378C451B}.Debug|Any CPU.Build.0 = Debug|Any CPU
		{C71BA827-94B6-4201-AD2D-ADD6378C451B}.Release|Any CPU.ActiveCfg = Release|Any CPU
		{C71BA827-94B6-4201-AD2D-ADD6378C451B}.Release|Any CPU.Build.0 = Release|Any CPU
		{46DD329C-4EBD-41A9-B4AD-D904584AF2FC}.Debug|Any CPU.ActiveCfg = Debug|Any CPU
		{46DD329C-4EBD-41A9-B4AD-D904584AF2FC}.Debug|Any CPU.Build.0 = Debug|Any CPU
		{46DD329C-4EBD-41A9-B4AD-D904584AF2FC}.Release|Any CPU.ActiveCfg = Release|Any CPU
		{46DD329C-4EBD-41A9-B4AD-D904584AF2FC}.Release|Any CPU.Build.0 = Release|Any CPU
		{5B3501B3-5D16-4552-99F3-2E36F9C02C63}.Debug|Any CPU.ActiveCfg = Debug|Any CPU
		{5B3501B3-5D16-4552-99F3-2E36F9C02C63}.Debug|Any CPU.Build.0 = Debug|Any CPU
		{5B3501B3-5D16-4552-99F3-2E36F9C02C63}.Release|Any CPU.ActiveCfg = Release|Any CPU
		{5B3501B3-5D16-4552-99F3-2E36F9C02C63}.Release|Any CPU.Build.0 = Release|Any CPU
		{7F9869B7-C0B4-484F-A540-6F74B3C1024E}.Debug|Any CPU.ActiveCfg = Debug|Any CPU
		{7F9869B7-C0B4-484F-A540-6F74B3C1024E}.Debug|Any CPU.Build.0 = Debug|Any CPU
		{7F9869B7-C0B4-484F-A540-6F74B3C1024E}.Release|Any CPU.ActiveCfg = Release|Any CPU
		{7F9869B7-C0B4-484F-A540-6F74B3C1024E}.Release|Any CPU.Build.0 = Release|Any CPU
		{FAD4EED9-41AF-475A-860A-1C2BB2D1FC84}.Debug|Any CPU.ActiveCfg = Debug|Any CPU
		{FAD4EED9-41AF-475A-860A-1C2BB2D1FC84}.Debug|Any CPU.Build.0 = Debug|Any CPU
		{FAD4EED9-41AF-475A-860A-1C2BB2D1FC84}.Release|Any CPU.ActiveCfg = Release|Any CPU
		{FAD4EED9-41AF-475A-860A-1C2BB2D1FC84}.Release|Any CPU.Build.0 = Release|Any CPU
	EndGlobalSection
	GlobalSection(SolutionProperties) = preSolution
		HideSolutionNode = FALSE
	EndGlobalSection
	GlobalSection(NestedProjects) = preSolution
		{D176F2F9-DDD1-476E-B938-E06F0ECFD319} = {19FCD82A-8ED3-4914-8FFF-A7380616D06C}
		{39E9B7D1-2886-4A16-BEDD-6ADF2706AF67} = {70F74194-2EEB-4B19-8BC8-33286D7DA08C}
		{2ED6C7C0-36F9-4433-839D-9DC2901D48A5} = {70F74194-2EEB-4B19-8BC8-33286D7DA08C}
		{58C216CB-CA31-4C96-B16C-DC5D56C4B635} = {DCDF3AB6-74CB-4287-B654-FA2A5001DF1D}
		{DB3BA925-CA60-4627-AAE7-57586DE4CD9A} = {DCDF3AB6-74CB-4287-B654-FA2A5001DF1D}
		{0ED3145F-3C5F-46C7-97A5-0B0287363B92} = {98226589-714B-4BAA-8B69-B54BD0FE5CA1}
		{AE759C82-E5AD-44CF-AEAD-EBB57D334D6D} = {98226589-714B-4BAA-8B69-B54BD0FE5CA1}
		{8C6ECB08-BF09-4940-ABAE-E16951E61A11} = {12EC9D68-55DF-4DE4-8C85-07AA3977FBF9}
		{B3A845D7-FD79-4D71-B012-14761473ADE9} = {12EC9D68-55DF-4DE4-8C85-07AA3977FBF9}
		{C02B8577-C3B5-4986-8CF7-AD1FFC7E0FED} = {7A716A21-2BF4-438C-AD06-93A6F5406294}
		{40588C75-0302-4629-B760-8FBFBD929125} = {7A716A21-2BF4-438C-AD06-93A6F5406294}
		{C11D721B-C231-4BED-ACA0-CE1FAF088C8A} = {70F74194-2EEB-4B19-8BC8-33286D7DA08C}
		{5FEDFD2C-C148-4E20-8725-536F1DA280DD} = {98226589-714B-4BAA-8B69-B54BD0FE5CA1}
		{69ADE978-407B-419B-8FC1-F9B6D8C02CCF} = {19FCD82A-8ED3-4914-8FFF-A7380616D06C}
		{C71BA827-94B6-4201-AD2D-ADD6378C451B} = {98226589-714B-4BAA-8B69-B54BD0FE5CA1}
		{46DD329C-4EBD-41A9-B4AD-D904584AF2FC} = {98226589-714B-4BAA-8B69-B54BD0FE5CA1}
		{4708FC6F-3262-40EF-A08E-ED167EBBF131} = {B856A8D9-9146-4455-873E-BFC95BFC4CC3}
		{5B3501B3-5D16-4552-99F3-2E36F9C02C63} = {98226589-714B-4BAA-8B69-B54BD0FE5CA1}
		{7F9869B7-C0B4-484F-A540-6F74B3C1024E} = {98226589-714B-4BAA-8B69-B54BD0FE5CA1}
		{FAD4EED9-41AF-475A-860A-1C2BB2D1FC84} = {98226589-714B-4BAA-8B69-B54BD0FE5CA1}
	EndGlobalSection
	GlobalSection(ExtensibilityGlobals) = postSolution
		SolutionGuid = {B8B2E261-6A44-42F8-9F54-8F8E133DFC4D}
	EndGlobalSection
EndGlobal
