
Microsoft Visual Studio Solution File, Format Version 12.00
# Visual Studio Version 16
VisualStudioVersion = 16.0.30320.27
MinimumVisualStudioVersion = 10.0.40219.1
Project("{9A19103F-16F7-4668-BE54-9A1E7A4F7556}") = "LoggingPractice2.0", "LoggingPractice2.0\LoggingPractice2.0.csproj", "{D742CAB0-9C67-468A-9DBC-C0AFBC0DE4EA}"
EndProject
Project("{FAE04EC0-301F-11D3-BF4B-00C04F79EFBC}") = "UnitTests", "UnitTests\UnitTests.csproj", "{BE548DDE-BD5E-4D29-A34E-69ED5946D2B8}"
EndProject
Global
	GlobalSection(SolutionConfigurationPlatforms) = preSolution
		Debug|Any CPU = Debug|Any CPU
		Release|Any CPU = Release|Any CPU
	EndGlobalSection
	GlobalSection(ProjectConfigurationPlatforms) = postSolution
		{D742CAB0-9C67-468A-9DBC-C0AFBC0DE4EA}.Debug|Any CPU.ActiveCfg = Debug|Any CPU
		{D742CAB0-9C67-468A-9DBC-C0AFBC0DE4EA}.Debug|Any CPU.Build.0 = Debug|Any CPU
		{D742CAB0-9C67-468A-9DBC-C0AFBC0DE4EA}.Release|Any CPU.ActiveCfg = Release|Any CPU
		{D742CAB0-9C67-468A-9DBC-C0AFBC0DE4EA}.Release|Any CPU.Build.0 = Release|Any CPU
		{BE548DDE-BD5E-4D29-A34E-69ED5946D2B8}.Debug|Any CPU.ActiveCfg = Debug|Any CPU
		{BE548DDE-BD5E-4D29-A34E-69ED5946D2B8}.Debug|Any CPU.Build.0 = Debug|Any CPU
		{BE548DDE-BD5E-4D29-A34E-69ED5946D2B8}.Release|Any CPU.ActiveCfg = Release|Any CPU
		{BE548DDE-BD5E-4D29-A34E-69ED5946D2B8}.Release|Any CPU.Build.0 = Release|Any CPU
	EndGlobalSection
	GlobalSection(SolutionProperties) = preSolution
		HideSolutionNode = FALSE
	EndGlobalSection
	GlobalSection(ExtensibilityGlobals) = postSolution
		SolutionGuid = {0A804D74-F967-46E4-BE44-42D1B7B37B90}
	EndGlobalSection
EndGlobal
