
Microsoft Visual Studio Solution File, Format Version 12.00
# Visual Studio Version 16
VisualStudioVersion = 16.0.31025.194
MinimumVisualStudioVersion = 10.0.40219.1
Project("{9A19103F-16F7-4668-BE54-9A1E7A4F7556}") = "APB.App.ConsoleApp", "ConsoleApp1\APB.App.ConsoleApp.csproj", "{831AD518-E7F1-4C70-A367-3B2E3333BC19}"
EndProject
Project("{2150E333-8FDC-42A3-9474-1A3956D46DE8}") = "Apps", "Apps", "{0B5CAB9A-2ACB-4281-BE3E-44E214CE5738}"
EndProject
Project("{2150E333-8FDC-42A3-9474-1A3956D46DE8}") = "BusinessLayer", "BusinessLayer", "{FF4E012D-6298-48F6-A5AE-B96F56E9255F}"
EndProject
Project("{2150E333-8FDC-42A3-9474-1A3956D46DE8}") = "DataAccessLayer", "DataAccessLayer", "{A51C0583-E64D-41C7-B7A8-09A501B6EA64}"
EndProject
Project("{9A19103F-16F7-4668-BE54-9A1E7A4F7556}") = "APB.App.Managers", "APB.App.Managers\APB.App.Managers.csproj", "{1AEC5F35-441A-472D-8C88-A893511D2231}"
EndProject
Project("{9A19103F-16F7-4668-BE54-9A1E7A4F7556}") = "APB.App.Services", "APB.App.Services\APB.App.Services.csproj", "{7F717645-A090-444B-AB93-72DFD47AD5E5}"
EndProject
Project("{9A19103F-16F7-4668-BE54-9A1E7A4F7556}") = "APB.App.DataAccess", "APB.App.DataAccess\APB.App.DataAccess.csproj", "{122BA455-3ABD-43F6-BDFE-A07E0C0BA8AA}"
EndProject
Project("{9A19103F-16F7-4668-BE54-9A1E7A4F7556}") = "APB.App.Entities", "APB.App.Entities\APB.App.Entities.csproj", "{30153062-9628-4067-82BF-22F9ADD00A44}"
EndProject
Project("{FAE04EC0-301F-11D3-BF4B-00C04F79EFBC}") = "APB.App.DomainModels", "APB.App.DomainModels\APB.App.DomainModels.csproj", "{F823F0EE-1D83-412E-939D-AD46692C3D82}"
EndProject
Project("{2150E333-8FDC-42A3-9474-1A3956D46DE8}") = "NoDependenciesLibs", "NoDependenciesLibs", "{E8AAF495-04C0-4F77-876C-97CC683E47FC}"
EndProject
Project("{FAE04EC0-301F-11D3-BF4B-00C04F79EFBC}") = "APB.DataStoreEntities", "APB.DataStoreEntities\APB.DataStoreEntities.csproj", "{13E286D8-8E94-49A6-A283-1B2F09AC3177}"
EndProject
Project("{FAE04EC0-301F-11D3-BF4B-00C04F79EFBC}") = "APB.App.Apis", "APB.App.Apis\APB.App.Apis.csproj", "{A24BBC18-A7F6-4ADD-BA25-F5C629A7BF17}"
EndProject
Global
	GlobalSection(SolutionConfigurationPlatforms) = preSolution
		Debug|Any CPU = Debug|Any CPU
		Release|Any CPU = Release|Any CPU
	EndGlobalSection
	GlobalSection(ProjectConfigurationPlatforms) = postSolution
		{831AD518-E7F1-4C70-A367-3B2E3333BC19}.Debug|Any CPU.ActiveCfg = Debug|Any CPU
		{831AD518-E7F1-4C70-A367-3B2E3333BC19}.Debug|Any CPU.Build.0 = Debug|Any CPU
		{831AD518-E7F1-4C70-A367-3B2E3333BC19}.Release|Any CPU.ActiveCfg = Release|Any CPU
		{831AD518-E7F1-4C70-A367-3B2E3333BC19}.Release|Any CPU.Build.0 = Release|Any CPU
		{1AEC5F35-441A-472D-8C88-A893511D2231}.Debug|Any CPU.ActiveCfg = Debug|Any CPU
		{1AEC5F35-441A-472D-8C88-A893511D2231}.Debug|Any CPU.Build.0 = Debug|Any CPU
		{1AEC5F35-441A-472D-8C88-A893511D2231}.Release|Any CPU.ActiveCfg = Release|Any CPU
		{1AEC5F35-441A-472D-8C88-A893511D2231}.Release|Any CPU.Build.0 = Release|Any CPU
		{7F717645-A090-444B-AB93-72DFD47AD5E5}.Debug|Any CPU.ActiveCfg = Debug|Any CPU
		{7F717645-A090-444B-AB93-72DFD47AD5E5}.Debug|Any CPU.Build.0 = Debug|Any CPU
		{7F717645-A090-444B-AB93-72DFD47AD5E5}.Release|Any CPU.ActiveCfg = Release|Any CPU
		{7F717645-A090-444B-AB93-72DFD47AD5E5}.Release|Any CPU.Build.0 = Release|Any CPU
		{122BA455-3ABD-43F6-BDFE-A07E0C0BA8AA}.Debug|Any CPU.ActiveCfg = Debug|Any CPU
		{122BA455-3ABD-43F6-BDFE-A07E0C0BA8AA}.Debug|Any CPU.Build.0 = Debug|Any CPU
		{122BA455-3ABD-43F6-BDFE-A07E0C0BA8AA}.Release|Any CPU.ActiveCfg = Release|Any CPU
		{122BA455-3ABD-43F6-BDFE-A07E0C0BA8AA}.Release|Any CPU.Build.0 = Release|Any CPU
		{30153062-9628-4067-82BF-22F9ADD00A44}.Debug|Any CPU.ActiveCfg = Debug|Any CPU
		{30153062-9628-4067-82BF-22F9ADD00A44}.Debug|Any CPU.Build.0 = Debug|Any CPU
		{30153062-9628-4067-82BF-22F9ADD00A44}.Release|Any CPU.ActiveCfg = Release|Any CPU
		{30153062-9628-4067-82BF-22F9ADD00A44}.Release|Any CPU.Build.0 = Release|Any CPU
		{F823F0EE-1D83-412E-939D-AD46692C3D82}.Debug|Any CPU.ActiveCfg = Debug|Any CPU
		{F823F0EE-1D83-412E-939D-AD46692C3D82}.Debug|Any CPU.Build.0 = Debug|Any CPU
		{F823F0EE-1D83-412E-939D-AD46692C3D82}.Release|Any CPU.ActiveCfg = Release|Any CPU
		{F823F0EE-1D83-412E-939D-AD46692C3D82}.Release|Any CPU.Build.0 = Release|Any CPU
		{13E286D8-8E94-49A6-A283-1B2F09AC3177}.Debug|Any CPU.ActiveCfg = Debug|Any CPU
		{13E286D8-8E94-49A6-A283-1B2F09AC3177}.Debug|Any CPU.Build.0 = Debug|Any CPU
		{13E286D8-8E94-49A6-A283-1B2F09AC3177}.Release|Any CPU.ActiveCfg = Release|Any CPU
		{13E286D8-8E94-49A6-A283-1B2F09AC3177}.Release|Any CPU.Build.0 = Release|Any CPU
		{A24BBC18-A7F6-4ADD-BA25-F5C629A7BF17}.Debug|Any CPU.ActiveCfg = Debug|Any CPU
		{A24BBC18-A7F6-4ADD-BA25-F5C629A7BF17}.Debug|Any CPU.Build.0 = Debug|Any CPU
		{A24BBC18-A7F6-4ADD-BA25-F5C629A7BF17}.Release|Any CPU.ActiveCfg = Release|Any CPU
		{A24BBC18-A7F6-4ADD-BA25-F5C629A7BF17}.Release|Any CPU.Build.0 = Release|Any CPU
	EndGlobalSection
	GlobalSection(SolutionProperties) = preSolution
		HideSolutionNode = FALSE
	EndGlobalSection
	GlobalSection(NestedProjects) = preSolution
		{831AD518-E7F1-4C70-A367-3B2E3333BC19} = {0B5CAB9A-2ACB-4281-BE3E-44E214CE5738}
		{1AEC5F35-441A-472D-8C88-A893511D2231} = {FF4E012D-6298-48F6-A5AE-B96F56E9255F}
		{7F717645-A090-444B-AB93-72DFD47AD5E5} = {FF4E012D-6298-48F6-A5AE-B96F56E9255F}
		{122BA455-3ABD-43F6-BDFE-A07E0C0BA8AA} = {A51C0583-E64D-41C7-B7A8-09A501B6EA64}
		{30153062-9628-4067-82BF-22F9ADD00A44} = {A51C0583-E64D-41C7-B7A8-09A501B6EA64}
		{F823F0EE-1D83-412E-939D-AD46692C3D82} = {FF4E012D-6298-48F6-A5AE-B96F56E9255F}
		{13E286D8-8E94-49A6-A283-1B2F09AC3177} = {E8AAF495-04C0-4F77-876C-97CC683E47FC}
		{A24BBC18-A7F6-4ADD-BA25-F5C629A7BF17} = {0B5CAB9A-2ACB-4281-BE3E-44E214CE5738}
	EndGlobalSection
	GlobalSection(ExtensibilityGlobals) = postSolution
		SolutionGuid = {5470B5DD-BD3A-411D-9D7D-23D7516EE923}
	EndGlobalSection
EndGlobal
